
Microsoft Visual Studio Solution File, Format Version 12.00
# Visual Studio Version 16
VisualStudioVersion = 16.0.30804.86
MinimumVisualStudioVersion = 10.0.40219.1
Project("{FAE04EC0-301F-11D3-BF4B-00C04F79EFBC}") = "Tasks_in_economics", "Tasks_in_economics\Tasks_in_economics.csproj", "{5B5348EB-F8CC-4EC7-BA60-7DD8552F2879}"
EndProject
Project("{FAE04EC0-301F-11D3-BF4B-00C04F79EFBC}") = "ClassD", "ClassD\ClassD.csproj", "{B1EA2E8C-A4E0-43F3-9E2C-D119AABAA8C3}"
EndProject
Global
	GlobalSection(SolutionConfigurationPlatforms) = preSolution
		Debug|Any CPU = Debug|Any CPU
		Release|Any CPU = Release|Any CPU
	EndGlobalSection
	GlobalSection(ProjectConfigurationPlatforms) = postSolution
		{5B5348EB-F8CC-4EC7-BA60-7DD8552F2879}.Debug|Any CPU.ActiveCfg = Debug|Any CPU
		{5B5348EB-F8CC-4EC7-BA60-7DD8552F2879}.Debug|Any CPU.Build.0 = Debug|Any CPU
		{5B5348EB-F8CC-4EC7-BA60-7DD8552F2879}.Release|Any CPU.ActiveCfg = Release|Any CPU
		{5B5348EB-F8CC-4EC7-BA60-7DD8552F2879}.Release|Any CPU.Build.0 = Release|Any CPU
		{B1EA2E8C-A4E0-43F3-9E2C-D119AABAA8C3}.Debug|Any CPU.ActiveCfg = Debug|Any CPU
		{B1EA2E8C-A4E0-43F3-9E2C-D119AABAA8C3}.Debug|Any CPU.Build.0 = Debug|Any CPU
		{B1EA2E8C-A4E0-43F3-9E2C-D119AABAA8C3}.Release|Any CPU.ActiveCfg = Release|Any CPU
		{B1EA2E8C-A4E0-43F3-9E2C-D119AABAA8C3}.Release|Any CPU.Build.0 = Release|Any CPU
	EndGlobalSection
	GlobalSection(SolutionProperties) = preSolution
		HideSolutionNode = FALSE
	EndGlobalSection
	GlobalSection(ExtensibilityGlobals) = postSolution
		SolutionGuid = {C9BE457C-423C-4E45-B806-64F728413127}
	EndGlobalSection
EndGlobal
